
Microsoft Visual Studio Solution File, Format Version 12.00
# Visual Studio Version 16
VisualStudioVersion = 25.0.1703.6
MinimumVisualStudioVersion = 10.0.40219.1
Project("{FAE04EC0-301F-11D3-BF4B-00C04F79EFBC}") = "ProcessingString", "ProcessingString\ProcessingString.csproj", "{E80BBD7B-81CB-4C7A-B41B-157CFF1CEAF6}"
EndProject
Project("{FAE04EC0-301F-11D3-BF4B-00C04F79EFBC}") = "ConsoleInterface", "ConsoleInterface\ConsoleInterface.csproj", "{C2069BFF-1392-4F6A-9E5B-CC9ECA6DE59F}"
EndProject
Global
	GlobalSection(SolutionConfigurationPlatforms) = preSolution
		Debug|Any CPU = Debug|Any CPU
		Release|Any CPU = Release|Any CPU
	EndGlobalSection
	GlobalSection(ProjectConfigurationPlatforms) = postSolution
		{E80BBD7B-81CB-4C7A-B41B-157CFF1CEAF6}.Debug|Any CPU.ActiveCfg = Debug|Any CPU
		{E80BBD7B-81CB-4C7A-B41B-157CFF1CEAF6}.Debug|Any CPU.Build.0 = Debug|Any CPU
		{E80BBD7B-81CB-4C7A-B41B-157CFF1CEAF6}.Release|Any CPU.ActiveCfg = Release|Any CPU
		{E80BBD7B-81CB-4C7A-B41B-157CFF1CEAF6}.Release|Any CPU.Build.0 = Release|Any CPU
		{C2069BFF-1392-4F6A-9E5B-CC9ECA6DE59F}.Debug|Any CPU.ActiveCfg = Debug|Any CPU
		{C2069BFF-1392-4F6A-9E5B-CC9ECA6DE59F}.Debug|Any CPU.Build.0 = Debug|Any CPU
		{C2069BFF-1392-4F6A-9E5B-CC9ECA6DE59F}.Release|Any CPU.ActiveCfg = Release|Any CPU
		{C2069BFF-1392-4F6A-9E5B-CC9ECA6DE59F}.Release|Any CPU.Build.0 = Release|Any CPU
	EndGlobalSection
	GlobalSection(SolutionProperties) = preSolution
		HideSolutionNode = FALSE
	EndGlobalSection
	GlobalSection(ExtensibilityGlobals) = postSolution
		SolutionGuid = {6F079A9D-A925-4F7A-A15D-5EB7D54BD14F}
	EndGlobalSection
EndGlobal
